
Microsoft Visual Studio Solution File, Format Version 12.00
# Visual Studio Version 16
VisualStudioVersion = 16.0.31702.278
MinimumVisualStudioVersion = 10.0.40219.1
Project("{FAE04EC0-301F-11D3-BF4B-00C04F79EFBC}") = "server1-432project", "server-432project\server1-432project.csproj", "{1C623FFB-417C-4EAB-A3A9-3A2F05D5DDBB}"
EndProject
Global
	GlobalSection(SolutionConfigurationPlatforms) = preSolution
		Debug|Any CPU = Debug|Any CPU
		Release|Any CPU = Release|Any CPU
	EndGlobalSection
	GlobalSection(ProjectConfigurationPlatforms) = postSolution
		{1C623FFB-417C-4EAB-A3A9-3A2F05D5DDBB}.Debug|Any CPU.ActiveCfg = Debug|Any CPU
		{1C623FFB-417C-4EAB-A3A9-3A2F05D5DDBB}.Debug|Any CPU.Build.0 = Debug|Any CPU
		{1C623FFB-417C-4EAB-A3A9-3A2F05D5DDBB}.Release|Any CPU.ActiveCfg = Release|Any CPU
		{1C623FFB-417C-4EAB-A3A9-3A2F05D5DDBB}.Release|Any CPU.Build.0 = Release|Any CPU
	EndGlobalSection
	GlobalSection(SolutionProperties) = preSolution
		HideSolutionNode = FALSE
	EndGlobalSection
	GlobalSection(ExtensibilityGlobals) = postSolution
		SolutionGuid = {076B7109-BAB7-488A-B20F-E2AE075C165C}
	EndGlobalSection
EndGlobal
